{
  "name": "advanced-language-agent",
  "version": "0.1.0",
  "lockfileVersion": 3,
  "requires": true,
  "packages": {
    "": {
      "name": "advanced-language-agent",
      "version": "0.1.0",
      "license": "MIT",
      "dependencies": {
        "ploinky-agent-lib": "git+https://github.com/AssistOS-AI/AchillesAgentLib.git#master"
      },
      "bin": {
        "ala": "bin/ala.mjs"
      },
      "engines": {
        "node": ">=20"
      }
    },
    "node_modules/ploinky-agent-lib": {
      "version": "0.1.0",
      "resolved": "git+ssh://git@github.com/AssistOS-AI/AchillesAgentLib.git#0d9093977d073125d0cc8edf4a85739a7f9b471b",
      "license": "MIT"
    }
  }
}
